{"1.2.0",
[{<<"acceptor_pool">>,{pkg,<<"acceptor_pool">>,<<"1.0.0">>},1},
 {<<"app_config">>,
  {git,"https://gitlab.com/leapsight/app_config.git",
       {ref,"a777f83159427c02483c9fc2516eb6d39dd962bc"}},
  0},
 {<<"base62">>,
  {git,"https://gitlab.com/leapsight/base62.git",
       {ref,"6e1c622c2e9bba51fadba44fa050d4b4ae706890"}},
  2},
 {<<"eleveldb">>,
  {git,"https://github.com/Leapsight/eleveldb.git",
       {ref,"002e6baa58923f02a98a362650a336ea9e18e06f"}},
  0},
 {<<"eunit_formatters">>,
  {git,"git://github.com/seancribbs/eunit_formatters",
       {ref,"473e0cd89bf5608e97886a3bdf9047a16edc88f0"}},
  1},
 {<<"gproc">>,{pkg,<<"gproc">>,<<"0.9.0">>},0},
 {<<"key_value">>,
  {git,"https://gitlab.com/leapsight/key_value.git",
       {ref,"8fffd1b7ca520cf488251c9d32ffd0959c2ab039"}},
  1},
 {<<"ksuid">>,
  {git,"https://gitlab.com/leapsight/ksuid.git",
       {ref,"a5016017edd1e99d46c9a6d4c348cb818e542b13"}},
  1},
 {<<"partisan">>,
  {git,"http://github.com/aramallo/partisan.git",
       {ref,"46d0ab10b7b712685cf52e58e0e28b50165f2b1e"}},
  0},
 {<<"quickrand">>,{pkg,<<"quickrand">>,<<"2.0.2">>},2},
 {<<"sext">>,{pkg,<<"sext">>,<<"1.8.0">>},0},
 {<<"types">>,{pkg,<<"types">>,<<"0.1.8">>},1},
 {<<"utils">>,
  {git,"https://gitlab.com/leapsight/utils.git",
       {ref,"2a3c460f5b9eeb6ea6580ee234da6c3f37be7674"}},
  0},
 {<<"uuid">>,{pkg,<<"uuid_erl">>,<<"2.0.2">>},1}]}.
[
{pkg_hash,[
 {<<"acceptor_pool">>, <<"43C20D2ACAE35F0C2BCD64F9D2BDE267E459F0F3FD23DAB26485BF518C281B21">>},
 {<<"gproc">>, <<"853CCB7805E9ADA25D227A157BA966F7B34508F386A3E7E21992B1B484230699">>},
 {<<"quickrand">>, <<"1D73FAA52E0C149FCBC72A63C26135FF68BE8FA7870675C73645896788A7540C">>},
 {<<"sext">>, <<"90A95B889F5C781B70BBCF44278B763148E313C376B60D87CE664CB1C1DD29B5">>},
 {<<"types">>, <<"5782B67231E8C174FE2835395E71E669FE0121076779D2A09F1C0D58EE0E2F13">>},
 {<<"uuid">>, <<"0D1CA9D94CA3B058467BCE20B7706CC816A2BDBBE0574DD008936AE97EA4EBE7">>}]},
{pkg_hash_ext,[
 {<<"acceptor_pool">>, <<"0CBCD83FDC8B9AD2EEE2067EF8B91A14858A5883CB7CD800E6FCD5803E158788">>},
 {<<"gproc">>, <<"587E8AF698CCD3504CF4BA8D90F893EDE2B0F58CABB8A916E2BF9321DE3CF10B">>},
 {<<"quickrand">>, <<"E21C6C7F29CA995468662085CA54D7D09E861C180A9DFEC2CF4A2E75364A16D6">>},
 {<<"sext">>, <<"BC6016CB8690BAF677EACACFE6E7CADFEC8DC7E286CBBED762F6CD55B0678E73">>},
 {<<"types">>, <<"04285239F4954C5EDE56F78ED7778EDE24E3F2E997F7B16402A167AF0CC2658A">>},
 {<<"uuid">>, <<"4866CA7B3BD0265BC371590DCD0FE2832FC08588A071B72D07E09E23F163D0D6">>}]}
].
