{"1.2.0",
[{<<"acceptor_pool">>,{pkg,<<"acceptor_pool">>,<<"1.0.0">>},1},
 {<<"eleveldb">>,
  {git,"https://github.com/Leapsight/eleveldb.git",
       {ref,"002e6baa58923f02a98a362650a336ea9e18e06f"}},
  0},
 {<<"goldrush">>,{pkg,<<"goldrush">>,<<"0.1.9">>},2},
 {<<"gproc">>,
  {git,"https://github.com/Leapsight/gproc.git",
       {ref,"e5c8e5a023ad62db4ab562010b3765b217c9cb55"}},
  0},
 {<<"lager">>,{pkg,<<"lager">>,<<"3.5.1">>},1},
 {<<"lasp_support">>,{pkg,<<"lasp_support">>,<<"0.0.3">>},1},
 {<<"partisan">>,
  {git,"https://github.com/Leapsight/partisan.git",
       {ref,"807835d83b84a6150e5b4b3e892ae293f3ba6226"}},
  0},
 {<<"plumtree">>,
  {git,"https://github.com/aramallo/plumtree.git",
       {ref,"cd40f18a3eb7e61b6efc6cdb811d48373286ae35"}},
  0},
 {<<"quickrand">>,{pkg,<<"quickrand">>,<<"2.0.2">>},2},
 {<<"rand_compat">>,{pkg,<<"rand_compat">>,<<"0.0.3">>},1},
 {<<"sext">>,{pkg,<<"sext">>,<<"1.5.0">>},0},
 {<<"time_compat">>,{pkg,<<"time_compat">>,<<"0.0.1">>},1},
 {<<"types">>,{pkg,<<"types">>,<<"0.1.6">>},1},
 {<<"uuid">>,{pkg,<<"uuid_erl">>,<<"2.0.2">>},1}]}.
[
{pkg_hash,[
 {<<"acceptor_pool">>, <<"43C20D2ACAE35F0C2BCD64F9D2BDE267E459F0F3FD23DAB26485BF518C281B21">>},
 {<<"goldrush">>, <<"F06E5D5F1277DA5C413E84D5A2924174182FB108DABB39D5EC548B27424CD106">>},
 {<<"lager">>, <<"63897A61AF646C59BB928FEE9756CE8BDD02D5A1A2F3551D4A5E38386C2CC071">>},
 {<<"lasp_support">>, <<"C1B7E1A472037AE82C71D2D16A10B7D644A621B66AE5AFE834CECF170F2E9169">>},
 {<<"quickrand">>, <<"1D73FAA52E0C149FCBC72A63C26135FF68BE8FA7870675C73645896788A7540C">>},
 {<<"rand_compat">>, <<"011646BC1F0B0C432FE101B816F25B9BBB74A085713CEE1DAFD2D62E9415EAD3">>},
 {<<"sext">>, <<"07D5D516DAA4C437B2F7DB99F6B2728C8AF939313479B1BEDC1995BB15936236">>},
 {<<"time_compat">>, <<"23FE0AD1FDF3B5B88821B2D04B4B5E865BF587AE66056D671FE0F53514ED8139">>},
 {<<"types">>, <<"03BB7140016C896D3441A77CB0B7D6ACAA583D6D6E9C4A3E1FD3C25123710290">>},
 {<<"uuid">>, <<"0D1CA9D94CA3B058467BCE20B7706CC816A2BDBBE0574DD008936AE97EA4EBE7">>}]},
{pkg_hash_ext,[
 {<<"acceptor_pool">>, <<"0CBCD83FDC8B9AD2EEE2067EF8B91A14858A5883CB7CD800E6FCD5803E158788">>},
 {<<"goldrush">>, <<"99CB4128CFFCB3227581E5D4D803D5413FA643F4EB96523F77D9E6937D994CEB">>},
 {<<"lager">>, <<"D4B4324B9D07F4CF71A59B6E0F43E2D2651778D92AA5BEF68D5A8CDF6D213BA1">>},
 {<<"lasp_support">>, <<"4C8EF19BBF947D9674FAFB2F4B4462CC9B3BB33B5CD4E0049826540EFEE96810">>},
 {<<"quickrand">>, <<"E21C6C7F29CA995468662085CA54D7D09E861C180A9DFEC2CF4A2E75364A16D6">>},
 {<<"rand_compat">>, <<"CDF7BE2B17308EC245B912C45FE55741F93B6E4F1A24BA6074F7137B0CC09BF4">>},
 {<<"sext">>, <<"A81E9A673CC4573A76A633BFC4CE52E6798D4A6122D480E3CED27F40C6460D72">>},
 {<<"time_compat">>, <<"161D6B38AC9EE5AE508C76428A55B10CE44DD27FB43AB9722F702867086829E8">>},
 {<<"types">>, <<"9EC262DD986E80EACB7E49D61F33D672BF0AFA57FA33C653FCC858FA2DF9FCE7">>},
 {<<"uuid">>, <<"4866CA7B3BD0265BC371590DCD0FE2832FC08588A071B72D07E09E23F163D0D6">>}]}
].
